
Microsoft Visual Studio Solution File, Format Version 12.00
# Visual Studio Version 16
VisualStudioVersion = 16.0.32228.343
MinimumVisualStudioVersion = 10.0.40219.1
Project("{888888A0-9F3D-457C-B088-3A5042F75D52}") = "Jogo_Nim", "Jogo_Nim.pyproj", "{72AC7644-B35F-4CF6-BA87-85A07007A0E8}"
EndProject
Global
	GlobalSection(SolutionConfigurationPlatforms) = preSolution
		Debug|Any CPU = Debug|Any CPU
		Release|Any CPU = Release|Any CPU
	EndGlobalSection
	GlobalSection(ProjectConfigurationPlatforms) = postSolution
		{72AC7644-B35F-4CF6-BA87-85A07007A0E8}.Debug|Any CPU.ActiveCfg = Debug|Any CPU
		{72AC7644-B35F-4CF6-BA87-85A07007A0E8}.Release|Any CPU.ActiveCfg = Release|Any CPU
	EndGlobalSection
	GlobalSection(SolutionProperties) = preSolution
		HideSolutionNode = FALSE
	EndGlobalSection
	GlobalSection(ExtensibilityGlobals) = postSolution
		SolutionGuid = {F84DEC23-437E-4517-950D-0F434DA19405}
	EndGlobalSection
EndGlobal
